
Microsoft Visual Studio Solution File, Format Version 12.00
# Visual Studio Version 17
VisualStudioVersion = 17.11.35303.130
MinimumVisualStudioVersion = 10.0.40219.1
Project("{9A19103F-16F7-4668-BE54-9A1E7A4F7556}") = "EShopService", "EShopService0\EShopService.csproj", "{CE639CFF-89A0-429E-8796-2BA4777A6D98}"
EndProject
Project("{9A19103F-16F7-4668-BE54-9A1E7A4F7556}") = "EShop.Application.Tests", "EShop.Application.Tests\EShop.Application.Tests.csproj", "{B9AD9C5C-9B26-4BE3-9F6F-E047F881F80C}"
EndProject
Project("{9A19103F-16F7-4668-BE54-9A1E7A4F7556}") = "EShop.Application", "EShop.Application\EShop.Application.csproj", "{7BF80B71-FD5B-4BCB-86AF-50485C62A9CC}"
EndProject
Project("{9A19103F-16F7-4668-BE54-9A1E7A4F7556}") = "EShop.Domain", "EShop.Domain\EShop.Domain.csproj", "{80EB67EB-71D4-4897-AB0C-CC20795AC532}"
EndProject
Project("{9A19103F-16F7-4668-BE54-9A1E7A4F7556}") = "EShop.Domain.Tests", "EShop.Domain.Tests\EShop.Domain.Tests.csproj", "{09D031E3-101D-4611-8A19-85368C116D8A}"
EndProject
Project("{9A19103F-16F7-4668-BE54-9A1E7A4F7556}") = "EShopService.Tests", "EShopService.Tests\EShopService.Tests.csproj", "{BF265C2C-939C-459F-8C9F-D4D384BC3068}"
EndProject
Project("{9A19103F-16F7-4668-BE54-9A1E7A4F7556}") = "EShopService.IntegrationTests", "EShopService.IntegrationTests\EShopService.IntegrationTests.csproj", "{23A964AA-83E2-4CCA-8408-3D9D04EBDACA}"
EndProject
Project("{E53339B2-1760-4266-BCC7-CA923CBCF16C}") = "docker-compose", "docker-compose.dcproj", "{085EF3F9-8D9A-4A0D-8694-8FB53BC44DD1}"
EndProject
Project("{9A19103F-16F7-4668-BE54-9A1E7A4F7556}") = "UserService", "UserService\UserService.csproj", "{0D5AA9DC-ED60-4C67-A87C-FACC2FD4D67C}"
EndProject
Project("{9A19103F-16F7-4668-BE54-9A1E7A4F7556}") = "User.Domain", "User.Domain\User.Domain.csproj", "{DE26F336-0FC4-4689-8515-F3FA42675685}"
EndProject
Project("{9A19103F-16F7-4668-BE54-9A1E7A4F7556}") = "User.Application", "User.Application\User.Application.csproj", "{40C6F795-1096-4D7B-A366-37572A38CFBD}"
EndProject
Project("{2150E333-8FDC-42A3-9474-1A3956D46DE8}") = "data", "data", "{383F108F-A973-48E3-A28D-7C734B812BB8}"
	ProjectSection(SolutionItems) = preProject
		private.key = private.key
		public.key = public.key
	EndProjectSection
EndProject
Global
	GlobalSection(SolutionConfigurationPlatforms) = preSolution
		Debug|Any CPU = Debug|Any CPU
		Release|Any CPU = Release|Any CPU
	EndGlobalSection
	GlobalSection(ProjectConfigurationPlatforms) = postSolution
		{CE639CFF-89A0-429E-8796-2BA4777A6D98}.Debug|Any CPU.ActiveCfg = Debug|Any CPU
		{CE639CFF-89A0-429E-8796-2BA4777A6D98}.Debug|Any CPU.Build.0 = Debug|Any CPU
		{CE639CFF-89A0-429E-8796-2BA4777A6D98}.Release|Any CPU.ActiveCfg = Release|Any CPU
		{CE639CFF-89A0-429E-8796-2BA4777A6D98}.Release|Any CPU.Build.0 = Release|Any CPU
		{B9AD9C5C-9B26-4BE3-9F6F-E047F881F80C}.Debug|Any CPU.ActiveCfg = Debug|Any CPU
		{B9AD9C5C-9B26-4BE3-9F6F-E047F881F80C}.Debug|Any CPU.Build.0 = Debug|Any CPU
		{B9AD9C5C-9B26-4BE3-9F6F-E047F881F80C}.Release|Any CPU.ActiveCfg = Release|Any CPU
		{B9AD9C5C-9B26-4BE3-9F6F-E047F881F80C}.Release|Any CPU.Build.0 = Release|Any CPU
		{7BF80B71-FD5B-4BCB-86AF-50485C62A9CC}.Debug|Any CPU.ActiveCfg = Debug|Any CPU
		{7BF80B71-FD5B-4BCB-86AF-50485C62A9CC}.Debug|Any CPU.Build.0 = Debug|Any CPU
		{7BF80B71-FD5B-4BCB-86AF-50485C62A9CC}.Release|Any CPU.ActiveCfg = Release|Any CPU
		{7BF80B71-FD5B-4BCB-86AF-50485C62A9CC}.Release|Any CPU.Build.0 = Release|Any CPU
		{80EB67EB-71D4-4897-AB0C-CC20795AC532}.Debug|Any CPU.ActiveCfg = Debug|Any CPU
		{80EB67EB-71D4-4897-AB0C-CC20795AC532}.Debug|Any CPU.Build.0 = Debug|Any CPU
		{80EB67EB-71D4-4897-AB0C-CC20795AC532}.Release|Any CPU.ActiveCfg = Release|Any CPU
		{80EB67EB-71D4-4897-AB0C-CC20795AC532}.Release|Any CPU.Build.0 = Release|Any CPU
		{09D031E3-101D-4611-8A19-85368C116D8A}.Debug|Any CPU.ActiveCfg = Debug|Any CPU
		{09D031E3-101D-4611-8A19-85368C116D8A}.Debug|Any CPU.Build.0 = Debug|Any CPU
		{09D031E3-101D-4611-8A19-85368C116D8A}.Release|Any CPU.ActiveCfg = Release|Any CPU
		{09D031E3-101D-4611-8A19-85368C116D8A}.Release|Any CPU.Build.0 = Release|Any CPU
		{BF265C2C-939C-459F-8C9F-D4D384BC3068}.Debug|Any CPU.ActiveCfg = Debug|Any CPU
		{BF265C2C-939C-459F-8C9F-D4D384BC3068}.Debug|Any CPU.Build.0 = Debug|Any CPU
		{BF265C2C-939C-459F-8C9F-D4D384BC3068}.Release|Any CPU.ActiveCfg = Release|Any CPU
		{BF265C2C-939C-459F-8C9F-D4D384BC3068}.Release|Any CPU.Build.0 = Release|Any CPU
		{23A964AA-83E2-4CCA-8408-3D9D04EBDACA}.Debug|Any CPU.ActiveCfg = Debug|Any CPU
		{23A964AA-83E2-4CCA-8408-3D9D04EBDACA}.Debug|Any CPU.Build.0 = Debug|Any CPU
		{23A964AA-83E2-4CCA-8408-3D9D04EBDACA}.Release|Any CPU.ActiveCfg = Release|Any CPU
		{23A964AA-83E2-4CCA-8408-3D9D04EBDACA}.Release|Any CPU.Build.0 = Release|Any CPU
		{085EF3F9-8D9A-4A0D-8694-8FB53BC44DD1}.Debug|Any CPU.ActiveCfg = Debug|Any CPU
		{085EF3F9-8D9A-4A0D-8694-8FB53BC44DD1}.Debug|Any CPU.Build.0 = Debug|Any CPU
		{085EF3F9-8D9A-4A0D-8694-8FB53BC44DD1}.Release|Any CPU.ActiveCfg = Release|Any CPU
		{085EF3F9-8D9A-4A0D-8694-8FB53BC44DD1}.Release|Any CPU.Build.0 = Release|Any CPU
		{0D5AA9DC-ED60-4C67-A87C-FACC2FD4D67C}.Debug|Any CPU.ActiveCfg = Debug|Any CPU
		{0D5AA9DC-ED60-4C67-A87C-FACC2FD4D67C}.Debug|Any CPU.Build.0 = Debug|Any CPU
		{0D5AA9DC-ED60-4C67-A87C-FACC2FD4D67C}.Release|Any CPU.ActiveCfg = Release|Any CPU
		{0D5AA9DC-ED60-4C67-A87C-FACC2FD4D67C}.Release|Any CPU.Build.0 = Release|Any CPU
		{DE26F336-0FC4-4689-8515-F3FA42675685}.Debug|Any CPU.ActiveCfg = Debug|Any CPU
		{DE26F336-0FC4-4689-8515-F3FA42675685}.Debug|Any CPU.Build.0 = Debug|Any CPU
		{DE26F336-0FC4-4689-8515-F3FA42675685}.Release|Any CPU.ActiveCfg = Release|Any CPU
		{DE26F336-0FC4-4689-8515-F3FA42675685}.Release|Any CPU.Build.0 = Release|Any CPU
		{40C6F795-1096-4D7B-A366-37572A38CFBD}.Debug|Any CPU.ActiveCfg = Debug|Any CPU
		{40C6F795-1096-4D7B-A366-37572A38CFBD}.Debug|Any CPU.Build.0 = Debug|Any CPU
		{40C6F795-1096-4D7B-A366-37572A38CFBD}.Release|Any CPU.ActiveCfg = Release|Any CPU
		{40C6F795-1096-4D7B-A366-37572A38CFBD}.Release|Any CPU.Build.0 = Release|Any CPU
	EndGlobalSection
	GlobalSection(SolutionProperties) = preSolution
		HideSolutionNode = FALSE
	EndGlobalSection
	GlobalSection(ExtensibilityGlobals) = postSolution
		SolutionGuid = {80FA8A39-CB2B-4FA2-AD5A-CC51236DD4C0}
	EndGlobalSection
EndGlobal
